
Microsoft Visual Studio Solution File, Format Version 12.00
# Visual Studio Version 17
VisualStudioVersion = 17.0.32014.148
MinimumVisualStudioVersion = 10.0.40219.1
Project("{9A19103F-16F7-4668-BE54-9A1E7A4F7556}") = "UniversityApiBackend", "UniversityApiBackend.csproj", "{00E3B932-4F5A-46A6-90D6-CADAB57C1C72}"
EndProject
Global
	GlobalSection(SolutionConfigurationPlatforms) = preSolution
		Debug|Any CPU = Debug|Any CPU
		Release|Any CPU = Release|Any CPU
	EndGlobalSection
	GlobalSection(ProjectConfigurationPlatforms) = postSolution
		{00E3B932-4F5A-46A6-90D6-CADAB57C1C72}.Debug|Any CPU.ActiveCfg = Debug|Any CPU
		{00E3B932-4F5A-46A6-90D6-CADAB57C1C72}.Debug|Any CPU.Build.0 = Debug|Any CPU
		{00E3B932-4F5A-46A6-90D6-CADAB57C1C72}.Release|Any CPU.ActiveCfg = Release|Any CPU
		{00E3B932-4F5A-46A6-90D6-CADAB57C1C72}.Release|Any CPU.Build.0 = Release|Any CPU
	EndGlobalSection
	GlobalSection(SolutionProperties) = preSolution
		HideSolutionNode = FALSE
	EndGlobalSection
	GlobalSection(ExtensibilityGlobals) = postSolution
		SolutionGuid = {78D6FEB9-EFE3-4E58-8DE1-D09A5525E18F}
	EndGlobalSection
EndGlobal
